
Microsoft Visual Studio Solution File, Format Version 12.00
# Visual Studio 15
VisualStudioVersion = 15.0.27428.2002
MinimumVisualStudioVersion = 10.0.40219.1
Project("{9A19103F-16F7-4668-BE54-9A1E7A4F7556}") = "EmpyrionNetAPIBroker", "EmpyrionNetAPIBroker\EmpyrionNetAPIBroker.csproj", "{D1C387FF-FFFE-4B64-AD9E-571BA7B87AB8}"
EndProject
Project("{9A19103F-16F7-4668-BE54-9A1E7A4F7556}") = "EmpyrionNetAPIDefinitions", "EmpyrionNetAPIDefinitions\EmpyrionNetAPIDefinitions.csproj", "{B46DEA32-DACA-4633-95FD-A20D45A3E77A}"
EndProject
Project("{FAE04EC0-301F-11D3-BF4B-00C04F79EFBC}") = "EmpyrionNetAPIAccess.Tests", "EmpyrionNetAPIAccess.Tests\EmpyrionNetAPIAccess.Tests.csproj", "{E79DDACE-150F-4DDC-9742-786A478CC6D5}"
EndProject
Project("{9A19103F-16F7-4668-BE54-9A1E7A4F7556}") = "EmpyrionNetAPITools", "EmpyrionNetAPITools\EmpyrionNetAPITools.csproj", "{8EF00A6C-A10A-4A4A-BF60-C83178D6A093}"
EndProject
Project("{9A19103F-16F7-4668-BE54-9A1E7A4F7556}") = "EmpyrionNetAPI", "EmpyrionNetAPI\EmpyrionNetAPI.csproj", "{BE4D8DE4-F6A8-4B3D-84E3-DCAE109EC09A}"
	ProjectSection(ProjectDependencies) = postProject
		{E9DFFC67-C5CD-4E9C-9F9D-924D3985EC4A} = {E9DFFC67-C5CD-4E9C-9F9D-924D3985EC4A}
	EndProjectSection
EndProject
Project("{9A19103F-16F7-4668-BE54-9A1E7A4F7556}") = "ExampleModFramework", "ExampleModFramework\ExampleModFramework.csproj", "{A722068A-2AFB-4625-AA5E-BAEEC9DF5E2D}"
EndProject
Project("{2150E333-8FDC-42A3-9474-1A3956D46DE8}") = "Examples", "Examples", "{EFEED028-A38B-4914-AF2B-9577F27B7B6B}"
EndProject
Project("{2150E333-8FDC-42A3-9474-1A3956D46DE8}") = "Tests", "Tests", "{F80450EE-807C-4FD8-B4A3-B620DB3B919A}"
EndProject
Project("{2150E333-8FDC-42A3-9474-1A3956D46DE8}") = "net461", "net461", "{77E6C107-DA33-4128-9A38-69C52B2380D9}"
EndProject
Project("{9A19103F-16F7-4668-BE54-9A1E7A4F7556}") = "EmpyrionNetAPIModBase", "EmpyrionNetAPIModBase\EmpyrionNetAPIModBase.csproj", "{E9DFFC67-C5CD-4E9C-9F9D-924D3985EC4A}"
EndProject
Global
	GlobalSection(SolutionConfigurationPlatforms) = preSolution
		Debug|Any CPU = Debug|Any CPU
		Release|Any CPU = Release|Any CPU
	EndGlobalSection
	GlobalSection(ProjectConfigurationPlatforms) = postSolution
		{D1C387FF-FFFE-4B64-AD9E-571BA7B87AB8}.Debug|Any CPU.ActiveCfg = Debug|Any CPU
		{D1C387FF-FFFE-4B64-AD9E-571BA7B87AB8}.Debug|Any CPU.Build.0 = Debug|Any CPU
		{D1C387FF-FFFE-4B64-AD9E-571BA7B87AB8}.Release|Any CPU.ActiveCfg = Release|Any CPU
		{D1C387FF-FFFE-4B64-AD9E-571BA7B87AB8}.Release|Any CPU.Build.0 = Release|Any CPU
		{B46DEA32-DACA-4633-95FD-A20D45A3E77A}.Debug|Any CPU.ActiveCfg = Debug|Any CPU
		{B46DEA32-DACA-4633-95FD-A20D45A3E77A}.Debug|Any CPU.Build.0 = Debug|Any CPU
		{B46DEA32-DACA-4633-95FD-A20D45A3E77A}.Release|Any CPU.ActiveCfg = Release|Any CPU
		{B46DEA32-DACA-4633-95FD-A20D45A3E77A}.Release|Any CPU.Build.0 = Release|Any CPU
		{E79DDACE-150F-4DDC-9742-786A478CC6D5}.Debug|Any CPU.ActiveCfg = Debug|Any CPU
		{E79DDACE-150F-4DDC-9742-786A478CC6D5}.Debug|Any CPU.Build.0 = Debug|Any CPU
		{E79DDACE-150F-4DDC-9742-786A478CC6D5}.Release|Any CPU.ActiveCfg = Release|Any CPU
		{E79DDACE-150F-4DDC-9742-786A478CC6D5}.Release|Any CPU.Build.0 = Release|Any CPU
		{8EF00A6C-A10A-4A4A-BF60-C83178D6A093}.Debug|Any CPU.ActiveCfg = Debug|Any CPU
		{8EF00A6C-A10A-4A4A-BF60-C83178D6A093}.Debug|Any CPU.Build.0 = Debug|Any CPU
		{8EF00A6C-A10A-4A4A-BF60-C83178D6A093}.Release|Any CPU.ActiveCfg = Release|Any CPU
		{8EF00A6C-A10A-4A4A-BF60-C83178D6A093}.Release|Any CPU.Build.0 = Release|Any CPU
		{BE4D8DE4-F6A8-4B3D-84E3-DCAE109EC09A}.Debug|Any CPU.ActiveCfg = Debug|Any CPU
		{BE4D8DE4-F6A8-4B3D-84E3-DCAE109EC09A}.Debug|Any CPU.Build.0 = Debug|Any CPU
		{BE4D8DE4-F6A8-4B3D-84E3-DCAE109EC09A}.Release|Any CPU.ActiveCfg = Release|Any CPU
		{BE4D8DE4-F6A8-4B3D-84E3-DCAE109EC09A}.Release|Any CPU.Build.0 = Release|Any CPU
		{A722068A-2AFB-4625-AA5E-BAEEC9DF5E2D}.Debug|Any CPU.ActiveCfg = Debug|Any CPU
		{A722068A-2AFB-4625-AA5E-BAEEC9DF5E2D}.Debug|Any CPU.Build.0 = Debug|Any CPU
		{A722068A-2AFB-4625-AA5E-BAEEC9DF5E2D}.Release|Any CPU.ActiveCfg = Release|Any CPU
		{A722068A-2AFB-4625-AA5E-BAEEC9DF5E2D}.Release|Any CPU.Build.0 = Release|Any CPU
		{E9DFFC67-C5CD-4E9C-9F9D-924D3985EC4A}.Debug|Any CPU.ActiveCfg = Debug|Any CPU
		{E9DFFC67-C5CD-4E9C-9F9D-924D3985EC4A}.Debug|Any CPU.Build.0 = Debug|Any CPU
		{E9DFFC67-C5CD-4E9C-9F9D-924D3985EC4A}.Release|Any CPU.ActiveCfg = Release|Any CPU
		{E9DFFC67-C5CD-4E9C-9F9D-924D3985EC4A}.Release|Any CPU.Build.0 = Release|Any CPU
	EndGlobalSection
	GlobalSection(SolutionProperties) = preSolution
		HideSolutionNode = FALSE
	EndGlobalSection
	GlobalSection(NestedProjects) = preSolution
		{E79DDACE-150F-4DDC-9742-786A478CC6D5} = {F80450EE-807C-4FD8-B4A3-B620DB3B919A}
		{A722068A-2AFB-4625-AA5E-BAEEC9DF5E2D} = {EFEED028-A38B-4914-AF2B-9577F27B7B6B}
		{EFEED028-A38B-4914-AF2B-9577F27B7B6B} = {77E6C107-DA33-4128-9A38-69C52B2380D9}
		{F80450EE-807C-4FD8-B4A3-B620DB3B919A} = {77E6C107-DA33-4128-9A38-69C52B2380D9}
	EndGlobalSection
	GlobalSection(ExtensibilityGlobals) = postSolution
		SolutionGuid = {9DEC7A23-9CF5-405B-B6C8-DF97B8EE73C7}
	EndGlobalSection
EndGlobal
